
Microsoft Visual Studio Solution File, Format Version 12.00
# Visual Studio 14
VisualStudioVersion = 14.0.25420.1
MinimumVisualStudioVersion = 10.0.40219.1
Project("{8BC9CEB8-8B4A-11D0-8D11-00A0C91BC942}") = "TP3ProgJeux", "TP3ProgJeux\TP3ProgJeux.vcxproj", "{E8E40B0C-AE30-41EB-B487-012647D14387}"
EndProject
Project("{8BC9CEB8-8B4A-11D0-8D11-00A0C91BC942}") = "UnitTest1", "UnitTest1\UnitTest1.vcxproj", "{108EC58F-5EF8-4308-B9C5-7D9712A9187E}"
	ProjectSection(ProjectDependencies) = postProject
		{E8E40B0C-AE30-41EB-B487-012647D14387} = {E8E40B0C-AE30-41EB-B487-012647D14387}
	EndProjectSection
EndProject
Global
	GlobalSection(SolutionConfigurationPlatforms) = preSolution
		Debug|x64 = Debug|x64
		Debug|x86 = Debug|x86
		Release|x64 = Release|x64
		Release|x86 = Release|x86
	EndGlobalSection
	GlobalSection(ProjectConfigurationPlatforms) = postSolution
		{E8E40B0C-AE30-41EB-B487-012647D14387}.Debug|x64.ActiveCfg = Debug|Win32
		{E8E40B0C-AE30-41EB-B487-012647D14387}.Debug|x86.ActiveCfg = Debug|Win32
		{E8E40B0C-AE30-41EB-B487-012647D14387}.Debug|x86.Build.0 = Debug|Win32
		{E8E40B0C-AE30-41EB-B487-012647D14387}.Release|x64.ActiveCfg = Release|Win32
		{E8E40B0C-AE30-41EB-B487-012647D14387}.Release|x86.ActiveCfg = Release|Win32
		{E8E40B0C-AE30-41EB-B487-012647D14387}.Release|x86.Build.0 = Release|Win32
		{108EC58F-5EF8-4308-B9C5-7D9712A9187E}.Debug|x64.ActiveCfg = Debug|x64
		{108EC58F-5EF8-4308-B9C5-7D9712A9187E}.Debug|x64.Build.0 = Debug|x64
		{108EC58F-5EF8-4308-B9C5-7D9712A9187E}.Debug|x86.ActiveCfg = Debug|Win32
		{108EC58F-5EF8-4308-B9C5-7D9712A9187E}.Debug|x86.Build.0 = Debug|Win32
		{108EC58F-5EF8-4308-B9C5-7D9712A9187E}.Release|x64.ActiveCfg = Release|x64
		{108EC58F-5EF8-4308-B9C5-7D9712A9187E}.Release|x64.Build.0 = Release|x64
		{108EC58F-5EF8-4308-B9C5-7D9712A9187E}.Release|x86.ActiveCfg = Release|Win32
		{108EC58F-5EF8-4308-B9C5-7D9712A9187E}.Release|x86.Build.0 = Release|Win32
	EndGlobalSection
	GlobalSection(SolutionProperties) = preSolution
		HideSolutionNode = FALSE
	EndGlobalSection
EndGlobal
